
Microsoft Visual Studio Solution File, Format Version 12.00
# Visual Studio Version 17
VisualStudioVersion = 17.5.33414.496
MinimumVisualStudioVersion = 10.0.40219.1
Project("{888888A0-9F3D-457C-B088-3A5042F75D52}") = "實驗1", "實驗1\實驗1.pyproj", "{583442A2-7F03-4035-B2B2-DB39817D10BA}"
EndProject
Global
	GlobalSection(SolutionConfigurationPlatforms) = preSolution
		Debug|Any CPU = Debug|Any CPU
		Release|Any CPU = Release|Any CPU
	EndGlobalSection
	GlobalSection(ProjectConfigurationPlatforms) = postSolution
		{583442A2-7F03-4035-B2B2-DB39817D10BA}.Debug|Any CPU.ActiveCfg = Debug|Any CPU
		{583442A2-7F03-4035-B2B2-DB39817D10BA}.Release|Any CPU.ActiveCfg = Release|Any CPU
	EndGlobalSection
	GlobalSection(SolutionProperties) = preSolution
		HideSolutionNode = FALSE
	EndGlobalSection
	GlobalSection(ExtensibilityGlobals) = postSolution
		SolutionGuid = {D5A47CE3-979C-42AA-B10D-4F6E18082142}
	EndGlobalSection
EndGlobal
